
Microsoft Visual Studio Solution File, Format Version 12.00
# Visual Studio 15
VisualStudioVersion = 15.0.28307.106
MinimumVisualStudioVersion = 10.0.40219.1
Project("{FAE04EC0-301F-11D3-BF4B-00C04F79EFBC}") = "ChoreTracker.Contracts", "ChoreTracker.Contracts\ChoreTracker.Contracts.csproj", "{3CA00865-911D-4F58-AC6D-1CE62BEA25C9}"
EndProject
Project("{FAE04EC0-301F-11D3-BF4B-00C04F79EFBC}") = "ChoreTracker.Data", "ChoreTracker.Data\ChoreTracker.Data.csproj", "{F8B7703E-851E-4B32-A205-7315004C2DBD}"
EndProject
Project("{FAE04EC0-301F-11D3-BF4B-00C04F79EFBC}") = "ChoreTracker.Services", "ChoreTracker.Services\ChoreTracker.Services.csproj", "{E05344D2-E00B-475E-8CC8-DD8E53BC464E}"
EndProject
Project("{FAE04EC0-301F-11D3-BF4B-00C04F79EFBC}") = "ChoreTracker.WebMVC", "ChoreTracker.WebMVC\ChoreTracker.WebMVC.csproj", "{28B216B3-38ED-437C-A970-C84BEC8DD31A}"
EndProject
Project("{FAE04EC0-301F-11D3-BF4B-00C04F79EFBC}") = "ChoreTracker.Services.DataContract", "ChoreTracker.Services.DataContract\ChoreTracker.Services.DataContract.csproj", "{905C9A39-FFC4-41A3-899A-068B944032A1}"
EndProject
Project("{FAE04EC0-301F-11D3-BF4B-00C04F79EFBC}") = "ChoreTracker.Web.DataContract", "ChoreTracker.Web.DataContract\ChoreTracker.Web.DataContract.csproj", "{8BC7D20E-B683-4698-BF13-E5EAEBE39878}"
EndProject
Global
	GlobalSection(SolutionConfigurationPlatforms) = preSolution
		Debug|Any CPU = Debug|Any CPU
		Release|Any CPU = Release|Any CPU
	EndGlobalSection
	GlobalSection(ProjectConfigurationPlatforms) = postSolution
		{3CA00865-911D-4F58-AC6D-1CE62BEA25C9}.Debug|Any CPU.ActiveCfg = Debug|Any CPU
		{3CA00865-911D-4F58-AC6D-1CE62BEA25C9}.Debug|Any CPU.Build.0 = Debug|Any CPU
		{3CA00865-911D-4F58-AC6D-1CE62BEA25C9}.Release|Any CPU.ActiveCfg = Release|Any CPU
		{3CA00865-911D-4F58-AC6D-1CE62BEA25C9}.Release|Any CPU.Build.0 = Release|Any CPU
		{F8B7703E-851E-4B32-A205-7315004C2DBD}.Debug|Any CPU.ActiveCfg = Debug|Any CPU
		{F8B7703E-851E-4B32-A205-7315004C2DBD}.Debug|Any CPU.Build.0 = Debug|Any CPU
		{F8B7703E-851E-4B32-A205-7315004C2DBD}.Release|Any CPU.ActiveCfg = Release|Any CPU
		{F8B7703E-851E-4B32-A205-7315004C2DBD}.Release|Any CPU.Build.0 = Release|Any CPU
		{E05344D2-E00B-475E-8CC8-DD8E53BC464E}.Debug|Any CPU.ActiveCfg = Debug|Any CPU
		{E05344D2-E00B-475E-8CC8-DD8E53BC464E}.Debug|Any CPU.Build.0 = Debug|Any CPU
		{E05344D2-E00B-475E-8CC8-DD8E53BC464E}.Release|Any CPU.ActiveCfg = Release|Any CPU
		{E05344D2-E00B-475E-8CC8-DD8E53BC464E}.Release|Any CPU.Build.0 = Release|Any CPU
		{28B216B3-38ED-437C-A970-C84BEC8DD31A}.Debug|Any CPU.ActiveCfg = Debug|Any CPU
		{28B216B3-38ED-437C-A970-C84BEC8DD31A}.Debug|Any CPU.Build.0 = Debug|Any CPU
		{28B216B3-38ED-437C-A970-C84BEC8DD31A}.Release|Any CPU.ActiveCfg = Release|Any CPU
		{28B216B3-38ED-437C-A970-C84BEC8DD31A}.Release|Any CPU.Build.0 = Release|Any CPU
		{905C9A39-FFC4-41A3-899A-068B944032A1}.Debug|Any CPU.ActiveCfg = Debug|Any CPU
		{905C9A39-FFC4-41A3-899A-068B944032A1}.Debug|Any CPU.Build.0 = Debug|Any CPU
		{905C9A39-FFC4-41A3-899A-068B944032A1}.Release|Any CPU.ActiveCfg = Release|Any CPU
		{905C9A39-FFC4-41A3-899A-068B944032A1}.Release|Any CPU.Build.0 = Release|Any CPU
		{8BC7D20E-B683-4698-BF13-E5EAEBE39878}.Debug|Any CPU.ActiveCfg = Debug|Any CPU
		{8BC7D20E-B683-4698-BF13-E5EAEBE39878}.Debug|Any CPU.Build.0 = Debug|Any CPU
		{8BC7D20E-B683-4698-BF13-E5EAEBE39878}.Release|Any CPU.ActiveCfg = Release|Any CPU
		{8BC7D20E-B683-4698-BF13-E5EAEBE39878}.Release|Any CPU.Build.0 = Release|Any CPU
	EndGlobalSection
	GlobalSection(SolutionProperties) = preSolution
		HideSolutionNode = FALSE
	EndGlobalSection
	GlobalSection(ExtensibilityGlobals) = postSolution
		SolutionGuid = {DA0537CB-FE3A-4E4F-A637-D0E3BB6EC02E}
	EndGlobalSection
EndGlobal
